// !$*UTF8*$!
{
	archiveVersion = 1;
	classes = {
	};
	objectVersion = 77;
	objects = {

/* Begin PBXContainerItemProxy section */
		54241B2D2CCA7F6E00A46E06 /* PBXContainerItemProxy */ = {
			isa = PBXContainerItemProxy;
			containerPortal = 54241B142CCA7F6D00A46E06 /* Project object */;
			proxyType = 1;
			remoteGlobalIDString = 54241B1B2CCA7F6D00A46E06;
			remoteInfo = Swift_Uppg3;
		};
		54241B372CCA7F6E00A46E06 /* PBXContainerItemProxy */ = {
			isa = PBXContainerItemProxy;
			containerPortal = 54241B142CCA7F6D00A46E06 /* Project object */;
			proxyType = 1;
			remoteGlobalIDString = 54241B1B2CCA7F6D00A46E06;
			remoteInfo = Swift_Uppg3;
		};
/* End PBXContainerItemProxy section */

/* Begin PBXFileReference section */
		54241B1C2CCA7F6D00A46E06 /* Swift_Uppg3.app */ = {isa = PBXFileReference; explicitFileType = wrapper.application; includeInIndex = 0; path = Swift_Uppg3.app; sourceTree = BUILT_PRODUCTS_DIR; };
		54241B2C2CCA7F6E00A46E06 /* Swift_Uppg3Tests.xctest */ = {isa = PBXFileReference; explicitFileType = wrapper.cfbundle; includeInIndex = 0; path = Swift_Uppg3Tests.xctest; sourceTree = BUILT_PRODUCTS_DIR; };
		54241B362CCA7F6E00A46E06 /* Swift_Uppg3UITests.xctest */ = {isa = PBXFileReference; explicitFileType = wrapper.cfbundle; includeInIndex = 0; path = Swift_Uppg3UITests.xctest; sourceTree = BUILT_PRODUCTS_DIR; };
/* End PBXFileReference section */

/* Begin PBXFileSystemSynchronizedRootGroup section */
		54241B1E2CCA7F6D00A46E06 /* Swift_Uppg3 */ = {
			isa = PBXFileSystemSynchronizedRootGroup;
			path = Swift_Uppg3;
			sourceTree = "<group>";
		};
		54241B2F2CCA7F6E00A46E06 /* Swift_Uppg3Tests */ = {
			isa = PBXFileSystemSynchronizedRootGroup;
			path = Swift_Uppg3Tests;
			sourceTree = "<group>";
		};
		54241B392CCA7F6E00A46E06 /* Swift_Uppg3UITests */ = {
			isa = PBXFileSystemSynchronizedRootGroup;
			path = Swift_Uppg3UITests;
			sourceTree = "<group>";
		};
/* End PBXFileSystemSynchronizedRootGroup section */

/* Begin PBXFrameworksBuildPhase section */
		54241B192CCA7F6D00A46E06 /* Frameworks */ = {
			isa = PBXFrameworksBuildPhase;
			buildActionMask = 2147483647;
			files = (
			);
			runOnlyForDeploymentPostprocessing = 0;
		};
		54241B292CCA7F6E00A46E06 /* Frameworks */ = {
			isa = PBXFrameworksBuildPhase;
			buildActionMask = 2147483647;
			files = (
			);
			runOnlyForDeploymentPostprocessing = 0;
		};
		54241B332CCA7F6E00A46E06 /* Frameworks */ = {
			isa = PBXFrameworksBuildPhase;
			buildActionMask = 2147483647;
			files = (
			);
			runOnlyForDeploymentPostprocessing = 0;
		};
/* End PBXFrameworksBuildPhase section */

/* Begin PBXGroup section */
		54241B132CCA7F6D00A46E06 = {
			isa = PBXGroup;
			children = (
				54241B1E2CCA7F6D00A46E06 /* Swift_Uppg3 */,
				54241B2F2CCA7F6E00A46E06 /* Swift_Uppg3Tests */,
				54241B392CCA7F6E00A46E06 /* Swift_Uppg3UITests */,
				54241B1D2CCA7F6D00A46E06 /* Products */,
			);
			sourceTree = "<group>";
		};
		54241B1D2CCA7F6D00A46E06 /* Products */ = {
			isa = PBXGroup;
			children = (
				54241B1C2CCA7F6D00A46E06 /* Swift_Uppg3.app */,
				54241B2C2CCA7F6E00A46E06 /* Swift_Uppg3Tests.xctest */,
				54241B362CCA7F6E00A46E06 /* Swift_Uppg3UITests.xctest */,
			);
			name = Products;
			sourceTree = "<group>";
		};
/* End PBXGroup section */

/* Begin PBXNativeTarget section */
		54241B1B2CCA7F6D00A46E06 /* Swift_Uppg3 */ = {
			isa = PBXNativeTarget;
			buildConfigurationList = 54241B402CCA7F6E00A46E06 /* Build configuration list for PBXNativeTarget "Swift_Uppg3" */;
			buildPhases = (
				54241B182CCA7F6D00A46E06 /* Sources */,
				54241B192CCA7F6D00A46E06 /* Frameworks */,
				54241B1A2CCA7F6D00A46E06 /* Resources */,
			);
			buildRules = (
			);
			dependencies = (
			);
			fileSystemSynchronizedGroups = (
				54241B1E2CCA7F6D00A46E06 /* Swift_Uppg3 */,
			);
			name = Swift_Uppg3;
			packageProductDependencies = (
			);
			productName = Swift_Uppg3;
			productReference = 54241B1C2CCA7F6D00A46E06 /* Swift_Uppg3.app */;
			productType = "com.apple.product-type.application";
		};
		54241B2B2CCA7F6E00A46E06 /* Swift_Uppg3Tests */ = {
			isa = PBXNativeTarget;
			buildConfigurationList = 54241B432CCA7F6E00A46E06 /* Build configuration list for PBXNativeTarget "Swift_Uppg3Tests" */;
			buildPhases = (
				54241B282CCA7F6E00A46E06 /* Sources */,
				54241B292CCA7F6E00A46E06 /* Frameworks */,
				54241B2A2CCA7F6E00A46E06 /* Resources */,
			);
			buildRules = (
			);
			dependencies = (
				54241B2E2CCA7F6E00A46E06 /* PBXTargetDependency */,
			);
			fileSystemSynchronizedGroups = (
				54241B2F2CCA7F6E00A46E06 /* Swift_Uppg3Tests */,
			);
			name = Swift_Uppg3Tests;
			packageProductDependencies = (
			);
			productName = Swift_Uppg3Tests;
			productReference = 54241B2C2CCA7F6E00A46E06 /* Swift_Uppg3Tests.xctest */;
			productType = "com.apple.product-type.bundle.unit-test";
		};
		54241B352CCA7F6E00A46E06 /* Swift_Uppg3UITests */ = {
			isa = PBXNativeTarget;
			buildConfigurationList = 54241B462CCA7F6E00A46E06 /* Build configuration list for PBXNativeTarget "Swift_Uppg3UITests" */;
			buildPhases = (
				54241B322CCA7F6E00A46E06 /* Sources */,
				54241B332CCA7F6E00A46E06 /* Frameworks */,
				54241B342CCA7F6E00A46E06 /* Resources */,
			);
			buildRules = (
			);
			dependencies = (
				54241B382CCA7F6E00A46E06 /* PBXTargetDependency */,
			);
			fileSystemSynchronizedGroups = (
				54241B392CCA7F6E00A46E06 /* Swift_Uppg3UITests */,
			);
			name = Swift_Uppg3UITests;
			packageProductDependencies = (
			);
			productName = Swift_Uppg3UITests;
			productReference = 54241B362CCA7F6E00A46E06 /* Swift_Uppg3UITests.xctest */;
			productType = "com.apple.product-type.bundle.ui-testing";
		};
/* End PBXNativeTarget section */

/* Begin PBXProject section */
		54241B142CCA7F6D00A46E06 /* Project object */ = {
			isa = PBXProject;
			attributes = {
				BuildIndependentTargetsInParallel = 1;
				LastSwiftUpdateCheck = 1600;
				LastUpgradeCheck = 1600;
				TargetAttributes = {
					54241B1B2CCA7F6D00A46E06 = {
						CreatedOnToolsVersion = 16.0;
					};
					54241B2B2CCA7F6E00A46E06 = {
						CreatedOnToolsVersion = 16.0;
						TestTargetID = 54241B1B2CCA7F6D00A46E06;
					};
					54241B352CCA7F6E00A46E06 = {
						CreatedOnToolsVersion = 16.0;
						TestTargetID = 54241B1B2CCA7F6D00A46E06;
					};
				};
			};
			buildConfigurationList = 54241B172CCA7F6D00A46E06 /* Build configuration list for PBXProject "Swift_Uppg3" */;
			developmentRegion = en;
			hasScannedForEncodings = 0;
			knownRegions = (
				en,
				Base,
			);
			mainGroup = 54241B132CCA7F6D00A46E06;
			minimizedProjectReferenceProxies = 1;
			preferredProjectObjectVersion = 77;
			productRefGroup = 54241B1D2CCA7F6D00A46E06 /* Products */;
			projectDirPath = "";
			projectRoot = "";
			targets = (
				54241B1B2CCA7F6D00A46E06 /* Swift_Uppg3 */,
				54241B2B2CCA7F6E00A46E06 /* Swift_Uppg3Tests */,
				54241B352CCA7F6E00A46E06 /* Swift_Uppg3UITests */,
			);
		};
/* End PBXProject section */

/* Begin PBXResourcesBuildPhase section */
		54241B1A2CCA7F6D00A46E06 /* Resources */ = {
			isa = PBXResourcesBuildPhase;
			buildActionMask = 2147483647;
			files = (
			);
			runOnlyForDeploymentPostprocessing = 0;
		};
		54241B2A2CCA7F6E00A46E06 /* Resources */ = {
			isa = PBXResourcesBuildPhase;
			buildActionMask = 2147483647;
			files = (
			);
			runOnlyForDeploymentPostprocessing = 0;
		};
		54241B342CCA7F6E00A46E06 /* Resources */ = {
			isa = PBXResourcesBuildPhase;
			buildActionMask = 2147483647;
			files = (
			);
			runOnlyForDeploymentPostprocessing = 0;
		};
/* End PBXResourcesBuildPhase section */

/* Begin PBXSourcesBuildPhase section */
		54241B182CCA7F6D00A46E06 /* Sources */ = {
			isa = PBXSourcesBuildPhase;
			buildActionMask = 2147483647;
			files = (
			);
			runOnlyForDeploymentPostprocessing = 0;
		};
		54241B282CCA7F6E00A46E06 /* Sources */ = {
			isa = PBXSourcesBuildPhase;
			buildActionMask = 2147483647;
			files = (
			);
			runOnlyForDeploymentPostprocessing = 0;
		};
		54241B322CCA7F6E00A46E06 /* Sources */ = {
			isa = PBXSourcesBuildPhase;
			buildActionMask = 2147483647;
			files = (
			);
			runOnlyForDeploymentPostprocessing = 0;
		};
/* End PBXSourcesBuildPhase section */

/* Begin PBXTargetDependency section */
		54241B2E2CCA7F6E00A46E06 /* PBXTargetDependency */ = {
			isa = PBXTargetDependency;
			target = 54241B1B2CCA7F6D00A46E06 /* Swift_Uppg3 */;
			targetProxy = 54241B2D2CCA7F6E00A46E06 /* PBXContainerItemProxy */;
		};
		54241B382CCA7F6E00A46E06 /* PBXTargetDependency */ = {
			isa = PBXTargetDependency;
			target = 54241B1B2CCA7F6D00A46E06 /* Swift_Uppg3 */;
			targetProxy = 54241B372CCA7F6E00A46E06 /* PBXContainerItemProxy */;
		};
/* End PBXTargetDependency section */

/* Begin XCBuildConfiguration section */
		54241B3E2CCA7F6E00A46E06 /* Debug */ = {
			isa = XCBuildConfiguration;
			buildSettings = {
				ALWAYS_SEARCH_USER_PATHS = NO;
				ASSETCATALOG_COMPILER_GENERATE_SWIFT_ASSET_SYMBOL_EXTENSIONS = YES;
				CLANG_ANALYZER_NONNULL = YES;
				CLANG_ANALYZER_NUMBER_OBJECT_CONVERSION = YES_AGGRESSIVE;
				CLANG_CXX_LANGUAGE_STANDARD = "gnu++20";
				CLANG_ENABLE_MODULES = YES;
				CLANG_ENABLE_OBJC_ARC = YES;
				CLANG_ENABLE_OBJC_WEAK = YES;
				CLANG_WARN_BLOCK_CAPTURE_AUTORELEASING = YES;
				CLANG_WARN_BOOL_CONVERSION = YES;
				CLANG_WARN_COMMA = YES;
				CLANG_WARN_CONSTANT_CONVERSION = YES;
				CLANG_WARN_DEPRECATED_OBJC_IMPLEMENTATIONS = YES;
				CLANG_WARN_DIRECT_OBJC_ISA_USAGE = YES_ERROR;
				CLANG_WARN_DOCUMENTATION_COMMENTS = YES;
				CLANG_WARN_EMPTY_BODY = YES;
				CLANG_WARN_ENUM_CONVERSION = YES;
				CLANG_WARN_INFINITE_RECURSION = YES;
				CLANG_WARN_INT_CONVERSION = YES;
				CLANG_WARN_NON_LITERAL_NULL_CONVERSION = YES;
				CLANG_WARN_OBJC_IMPLICIT_RETAIN_SELF = YES;
				CLANG_WARN_OBJC_LITERAL_CONVERSION = YES;
				CLANG_WARN_OBJC_ROOT_CLASS = YES_ERROR;
				CLANG_WARN_QUOTED_INCLUDE_IN_FRAMEWORK_HEADER = YES;
				CLANG_WARN_RANGE_LOOP_ANALYSIS = YES;
				CLANG_WARN_STRICT_PROTOTYPES = YES;
				CLANG_WARN_SUSPICIOUS_MOVE = YES;
				CLANG_WARN_UNGUARDED_AVAILABILITY = YES_AGGRESSIVE;
				CLANG_WARN_UNREACHABLE_CODE = YES;
				CLANG_WARN__DUPLICATE_METHOD_MATCH = YES;
				COPY_PHASE_STRIP = NO;
				DEBUG_INFORMATION_FORMAT = dwarf;
				ENABLE_STRICT_OBJC_MSGSEND = YES;
				ENABLE_TESTABILITY = YES;
				ENABLE_USER_SCRIPT_SANDBOXING = YES;
				GCC_C_LANGUAGE_STANDARD = gnu17;
				GCC_DYNAMIC_NO_PIC = NO;
				GCC_NO_COMMON_BLOCKS = YES;
				GCC_OPTIMIZATION_LEVEL = 0;
				GCC_PREPROCESSOR_DEFINITIONS = (
					"DEBUG=1",
					"$(inherited)",
				);
				GCC_WARN_64_TO_32_BIT_CONVERSION = YES;
				GCC_WARN_ABOUT_RETURN_TYPE = YES_ERROR;
				GCC_WARN_UNDECLARED_SELECTOR = YES;
				GCC_WARN_UNINITIALIZED_AUTOS = YES_AGGRESSIVE;
				GCC_WARN_UNUSED_FUNCTION = YES;
				GCC_WARN_UNUSED_VARIABLE = YES;
				IPHONEOS_DEPLOYMENT_TARGET = 18.0;
				LOCALIZATION_PREFERS_STRING_CATALOGS = YES;
				MTL_ENABLE_DEBUG_INFO = INCLUDE_SOURCE;
				MTL_FAST_MATH = YES;
				ONLY_ACTIVE_ARCH = YES;
				SDKROOT = iphoneos;
				SWIFT_ACTIVE_COMPILATION_CONDITIONS = "DEBUG $(inherited)";
				SWIFT_OPTIMIZATION_LEVEL = "-Onone";
			};
			name = Debug;
		};
		54241B3F2CCA7F6E00A46E06 /* Release */ = {
			isa = XCBuildConfiguration;
			buildSettings = {
				ALWAYS_SEARCH_USER_PATHS = NO;
				ASSETCATALOG_COMPILER_GENERATE_SWIFT_ASSET_SYMBOL_EXTENSIONS = YES;
				CLANG_ANALYZER_NONNULL = YES;
				CLANG_ANALYZER_NUMBER_OBJECT_CONVERSION = YES_AGGRESSIVE;
				CLANG_CXX_LANGUAGE_STANDARD = "gnu++20";
				CLANG_ENABLE_MODULES = YES;
				CLANG_ENABLE_OBJC_ARC = YES;
				CLANG_ENABLE_OBJC_WEAK = YES;
				CLANG_WARN_BLOCK_CAPTURE_AUTORELEASING = YES;
				CLANG_WARN_BOOL_CONVERSION = YES;
				CLANG_WARN_COMMA = YES;
				CLANG_WARN_CONSTANT_CONVERSION = YES;
				CLANG_WARN_DEPRECATED_OBJC_IMPLEMENTATIONS = YES;
				CLANG_WARN_DIRECT_OBJC_ISA_USAGE = YES_ERROR;
				CLANG_WARN_DOCUMENTATION_COMMENTS = YES;
				CLANG_WARN_EMPTY_BODY = YES;
				CLANG_WARN_ENUM_CONVERSION = YES;
				CLANG_WARN_INFINITE_RECURSION = YES;
				CLANG_WARN_INT_CONVERSION = YES;
				CLANG_WARN_NON_LITERAL_NULL_CONVERSION = YES;
				CLANG_WARN_OBJC_IMPLICIT_RETAIN_SELF = YES;
				CLANG_WARN_OBJC_LITERAL_CONVERSION = YES;
				CLANG_WARN_OBJC_ROOT_CLASS = YES_ERROR;
				CLANG_WARN_QUOTED_INCLUDE_IN_FRAMEWORK_HEADER = YES;
				CLANG_WARN_RANGE_LOOP_ANALYSIS = YES;
				CLANG_WARN_STRICT_PROTOTYPES = YES;
				CLANG_WARN_SUSPICIOUS_MOVE = YES;
				CLANG_WARN_UNGUARDED_AVAILABILITY = YES_AGGRESSIVE;
				CLANG_WARN_UNREACHABLE_CODE = YES;
				CLANG_WARN__DUPLICATE_METHOD_MATCH = YES;
				COPY_PHASE_STRIP = NO;
				DEBUG_INFORMATION_FORMAT = "dwarf-with-dsym";
				ENABLE_NS_ASSERTIONS = NO;
				ENABLE_STRICT_OBJC_MSGSEND = YES;
				ENABLE_USER_SCRIPT_SANDBOXING = YES;
				GCC_C_LANGUAGE_STANDARD = gnu17;
				GCC_NO_COMMON_BLOCKS = YES;
				GCC_WARN_64_TO_32_BIT_CONVERSION = YES;
				GCC_WARN_ABOUT_RETURN_TYPE = YES_ERROR;
				GCC_WARN_UNDECLARED_SELECTOR = YES;
				GCC_WARN_UNINITIALIZED_AUTOS = YES_AGGRESSIVE;
				GCC_WARN_UNUSED_FUNCTION = YES;
				GCC_WARN_UNUSED_VARIABLE = YES;
				IPHONEOS_DEPLOYMENT_TARGET = 18.0;
				LOCALIZATION_PREFERS_STRING_CATALOGS = YES;
				MTL_ENABLE_DEBUG_INFO = NO;
				MTL_FAST_MATH = YES;
				SDKROOT = iphoneos;
				SWIFT_COMPILATION_MODE = wholemodule;
				VALIDATE_PRODUCT = YES;
			};
			name = Release;
		};
		54241B412CCA7F6E00A46E06 /* Debug */ = {
			isa = XCBuildConfiguration;
			buildSettings = {
				ASSETCATALOG_COMPILER_APPICON_NAME = AppIcon;
				ASSETCATALOG_COMPILER_GLOBAL_ACCENT_COLOR_NAME = AccentColor;
				CODE_SIGN_STYLE = Automatic;
				CURRENT_PROJECT_VERSION = 1;
				DEVELOPMENT_ASSET_PATHS = "\"Swift_Uppg3/Preview Content\"";
				ENABLE_PREVIEWS = YES;
				GENERATE_INFOPLIST_FILE = YES;
				INFOPLIST_KEY_UIApplicationSceneManifest_Generation = YES;
				INFOPLIST_KEY_UIApplicationSupportsIndirectInputEvents = YES;
				INFOPLIST_KEY_UILaunchScreen_Generation = YES;
				INFOPLIST_KEY_UISupportedInterfaceOrientations_iPad = "UIInterfaceOrientationPortrait UIInterfaceOrientationPortraitUpsideDown UIInterfaceOrientationLandscapeLeft UIInterfaceOrientationLandscapeRight";
				INFOPLIST_KEY_UISupportedInterfaceOrientations_iPhone = "UIInterfaceOrientationPortrait UIInterfaceOrientationLandscapeLeft UIInterfaceOrientationLandscapeRight";
				LD_RUNPATH_SEARCH_PATHS = (
					"$(inherited)",
					"@executable_path/Frameworks",
				);
				MARKETING_VERSION = 1.0;
				PRODUCT_BUNDLE_IDENTIFIER = "com.Swift-Uppg3";
				PRODUCT_NAME = "$(TARGET_NAME)";
				SWIFT_EMIT_LOC_STRINGS = YES;
				SWIFT_VERSION = 5.0;
				TARGETED_DEVICE_FAMILY = "1,2";
			};
			name = Debug;
		};
		54241B422CCA7F6E00A46E06 /* Release */ = {
			isa = XCBuildConfiguration;
			buildSettings = {
				ASSETCATALOG_COMPILER_APPICON_NAME = AppIcon;
				ASSETCATALOG_COMPILER_GLOBAL_ACCENT_COLOR_NAME = AccentColor;
				CODE_SIGN_STYLE = Automatic;
				CURRENT_PROJECT_VERSION = 1;
				DEVELOPMENT_ASSET_PATHS = "\"Swift_Uppg3/Preview Content\"";
				ENABLE_PREVIEWS = YES;
				GENERATE_INFOPLIST_FILE = YES;
				INFOPLIST_KEY_UIApplicationSceneManifest_Generation = YES;
				INFOPLIST_KEY_UIApplicationSupportsIndirectInputEvents = YES;
				INFOPLIST_KEY_UILaunchScreen_Generation = YES;
				INFOPLIST_KEY_UISupportedInterfaceOrientations_iPad = "UIInterfaceOrientationPortrait UIInterfaceOrientationPortraitUpsideDown UIInterfaceOrientationLandscapeLeft UIInterfaceOrientationLandscapeRight";
				INFOPLIST_KEY_UISupportedInterfaceOrientations_iPhone = "UIInterfaceOrientationPortrait UIInterfaceOrientationLandscapeLeft UIInterfaceOrientationLandscapeRight";
				LD_RUNPATH_SEARCH_PATHS = (
					"$(inherited)",
					"@executable_path/Frameworks",
				);
				MARKETING_VERSION = 1.0;
				PRODUCT_BUNDLE_IDENTIFIER = "com.Swift-Uppg3";
				PRODUCT_NAME = "$(TARGET_NAME)";
				SWIFT_EMIT_LOC_STRINGS = YES;
				SWIFT_VERSION = 5.0;
				TARGETED_DEVICE_FAMILY = "1,2";
			};
			name = Release;
		};
		54241B442CCA7F6E00A46E06 /* Debug */ = {
			isa = XCBuildConfiguration;
			buildSettings = {
				BUNDLE_LOADER = "$(TEST_HOST)";
				CODE_SIGN_STYLE = Automatic;
				CURRENT_PROJECT_VERSION = 1;
				GENERATE_INFOPLIST_FILE = YES;
				IPHONEOS_DEPLOYMENT_TARGET = 18.0;
				MARKETING_VERSION = 1.0;
				PRODUCT_BUNDLE_IDENTIFIER = "com.Swift-Uppg3Tests";
				PRODUCT_NAME = "$(TARGET_NAME)";
				SWIFT_EMIT_LOC_STRINGS = NO;
				SWIFT_VERSION = 5.0;
				TARGETED_DEVICE_FAMILY = "1,2";
				TEST_HOST = "$(BUILT_PRODUCTS_DIR)/Swift_Uppg3.app/$(BUNDLE_EXECUTABLE_FOLDER_PATH)/Swift_Uppg3";
			};
			name = Debug;
		};
		54241B452CCA7F6E00A46E06 /* Release */ = {
			isa = XCBuildConfiguration;
			buildSettings = {
				BUNDLE_LOADER = "$(TEST_HOST)";
				CODE_SIGN_STYLE = Automatic;
				CURRENT_PROJECT_VERSION = 1;
				GENERATE_INFOPLIST_FILE = YES;
				IPHONEOS_DEPLOYMENT_TARGET = 18.0;
				MARKETING_VERSION = 1.0;
				PRODUCT_BUNDLE_IDENTIFIER = "com.Swift-Uppg3Tests";
				PRODUCT_NAME = "$(TARGET_NAME)";
				SWIFT_EMIT_LOC_STRINGS = NO;
				SWIFT_VERSION = 5.0;
				TARGETED_DEVICE_FAMILY = "1,2";
				TEST_HOST = "$(BUILT_PRODUCTS_DIR)/Swift_Uppg3.app/$(BUNDLE_EXECUTABLE_FOLDER_PATH)/Swift_Uppg3";
			};
			name = Release;
		};
		54241B472CCA7F6E00A46E06 /* Debug */ = {
			isa = XCBuildConfiguration;
			buildSettings = {
				CODE_SIGN_STYLE = Automatic;
				CURRENT_PROJECT_VERSION = 1;
				GENERATE_INFOPLIST_FILE = YES;
				MARKETING_VERSION = 1.0;
				PRODUCT_BUNDLE_IDENTIFIER = "com.Swift-Uppg3UITests";
				PRODUCT_NAME = "$(TARGET_NAME)";
				SWIFT_EMIT_LOC_STRINGS = NO;
				SWIFT_VERSION = 5.0;
				TARGETED_DEVICE_FAMILY = "1,2";
				TEST_TARGET_NAME = Swift_Uppg3;
			};
			name = Debug;
		};
		54241B482CCA7F6E00A46E06 /* Release */ = {
			isa = XCBuildConfiguration;
			buildSettings = {
				CODE_SIGN_STYLE = Automatic;
				CURRENT_PROJECT_VERSION = 1;
				GENERATE_INFOPLIST_FILE = YES;
				MARKETING_VERSION = 1.0;
				PRODUCT_BUNDLE_IDENTIFIER = "com.Swift-Uppg3UITests";
				PRODUCT_NAME = "$(TARGET_NAME)";
				SWIFT_EMIT_LOC_STRINGS = NO;
				SWIFT_VERSION = 5.0;
				TARGETED_DEVICE_FAMILY = "1,2";
				TEST_TARGET_NAME = Swift_Uppg3;
			};
			name = Release;
		};
/* End XCBuildConfiguration section */

/* Begin XCConfigurationList section */
		54241B172CCA7F6D00A46E06 /* Build configuration list for PBXProject "Swift_Uppg3" */ = {
			isa = XCConfigurationList;
			buildConfigurations = (
				54241B3E2CCA7F6E00A46E06 /* Debug */,
				54241B3F2CCA7F6E00A46E06 /* Release */,
			);
			defaultConfigurationIsVisible = 0;
			defaultConfigurationName = Release;
		};
		54241B402CCA7F6E00A46E06 /* Build configuration list for PBXNativeTarget "Swift_Uppg3" */ = {
			isa = XCConfigurationList;
			buildConfigurations = (
				54241B412CCA7F6E00A46E06 /* Debug */,
				54241B422CCA7F6E00A46E06 /* Release */,
			);
			defaultConfigurationIsVisible = 0;
			defaultConfigurationName = Release;
		};
		54241B432CCA7F6E00A46E06 /* Build configuration list for PBXNativeTarget "Swift_Uppg3Tests" */ = {
			isa = XCConfigurationList;
			buildConfigurations = (
				54241B442CCA7F6E00A46E06 /* Debug */,
				54241B452CCA7F6E00A46E06 /* Release */,
			);
			defaultConfigurationIsVisible = 0;
			defaultConfigurationName = Release;
		};
		54241B462CCA7F6E00A46E06 /* Build configuration list for PBXNativeTarget "Swift_Uppg3UITests" */ = {
			isa = XCConfigurationList;
			buildConfigurations = (
				54241B472CCA7F6E00A46E06 /* Debug */,
				54241B482CCA7F6E00A46E06 /* Release */,
			);
			defaultConfigurationIsVisible = 0;
			defaultConfigurationName = Release;
		};
/* End XCConfigurationList section */
	};
	rootObject = 54241B142CCA7F6D00A46E06 /* Project object */;
}
